{
  "object": {
    "pins": [
      {
        "package": "Please",
        "repositoryURL": "https://github.com/erikfloresq/Please",
        "state": {
          "branch": null,
          "revision": "f2a19839b8f23a94ee1acee976db8be13afeed7d",
          "version": "0.0.3"
        }
      }
    ]
  },
  "version": 1
}
