{
  "object": {
    "pins": [
      {
        "package": "Please",
        "repositoryURL": "https://github.com/erikfloresq/Please",
        "state": {
          "branch": null,
          "revision": "8fd134512fa66ad3f711965a1d798610c1f6c7cd",
          "version": "1.7.0"
        }
      },
      {
        "package": "Please",
        "repositoryURL": "https://github.com/erikfloresq/Please.git",
        "state": {
          "branch": null,
          "revision": "e92eb7d0e28dda96f50e8ef1cca7357fabdf0675",
          "version": "0.0.5"
        }
      }
    ]
  },
  "version": 1
}
